{
  "name": "hackathon-280-main",
  "lockfileVersion": 2,
  "requires": true,
  "packages": {
    "": {
      "dependencies": {
        "react-flag-kit": "^1.1.1"
      }
    },
    "node_modules/react-flag-kit": {
      "version": "1.1.1",
      "resolved": "https://registry.npmjs.org/react-flag-kit/-/react-flag-kit-1.1.1.tgz",
      "integrity": "sha512-sgelSGSl0HxSL8lMM1TEBidgiGV2hOi+GaLNKeg10aBnL07vpwKvmfILlc1SzOdVyH48NElFyMj4NQn8F+/FHw==",
      "engines": {
        "node": ">=14"
      },
      "peerDependencies": {
        "react": "^16.6.0 || ^17.0.0 || ^18.0.0"
      }
    }
  },
  "dependencies": {
    "react-flag-kit": {
      "version": "1.1.1",
      "resolved": "https://registry.npmjs.org/react-flag-kit/-/react-flag-kit-1.1.1.tgz",
      "integrity": "sha512-sgelSGSl0HxSL8lMM1TEBidgiGV2hOi+GaLNKeg10aBnL07vpwKvmfILlc1SzOdVyH48NElFyMj4NQn8F+/FHw=="
    }
  }
}
